
Microsoft Visual Studio Solution File, Format Version 12.00
# Visual Studio Version 16
VisualStudioVersion = 16.0.31911.196
MinimumVisualStudioVersion = 10.0.40219.1
Project("{2150E333-8FDC-42A3-9474-1A3956D46DE8}") = "Core", "Core", "{20635D63-C46F-4EEE-B135-582E4466BEDC}"
EndProject
Project("{2150E333-8FDC-42A3-9474-1A3956D46DE8}") = "Infrastructure", "Infrastructure", "{9985FFF1-D9DA-4E18-9373-EC97D50FCCE6}"
EndProject
Project("{2150E333-8FDC-42A3-9474-1A3956D46DE8}") = "Presentation", "Presentation", "{051CEBCF-9865-45F0-A12E-A7B83B71C2FE}"
EndProject
Project("{2150E333-8FDC-42A3-9474-1A3956D46DE8}") = "Tests", "Tests", "{08BED0B8-66F6-4A78-8AB2-0B23EE5977C1}"
EndProject
Project("{9A19103F-16F7-4668-BE54-9A1E7A4F7556}") = "Notes.Domain", "Notes.Domain\Notes.Domain.csproj", "{C1DCFA38-D58A-4A0C-926B-72D32A86CB06}"
EndProject
Project("{FAE04EC0-301F-11D3-BF4B-00C04F79EFBC}") = "Notes.Application", "Notes.Application\Notes.Application.csproj", "{5D319B68-0D0D-437C-84AB-03D3BB46EA8B}"
EndProject
Project("{FAE04EC0-301F-11D3-BF4B-00C04F79EFBC}") = "Notes.Persistence", "Notes.Persistence\Notes.Persistence.csproj", "{C67B1AD2-73C3-4E9D-8F9F-6B99422FF9DD}"
EndProject
Project("{FAE04EC0-301F-11D3-BF4B-00C04F79EFBC}") = "Notes.WebApi", "Notes.WebApi\Notes.WebApi.csproj", "{C1961F03-7487-4D7A-BB2A-9A54D8F32AF8}"
EndProject
Global
	GlobalSection(SolutionConfigurationPlatforms) = preSolution
		Debug|Any CPU = Debug|Any CPU
		Release|Any CPU = Release|Any CPU
	EndGlobalSection
	GlobalSection(ProjectConfigurationPlatforms) = postSolution
		{C1DCFA38-D58A-4A0C-926B-72D32A86CB06}.Debug|Any CPU.ActiveCfg = Debug|Any CPU
		{C1DCFA38-D58A-4A0C-926B-72D32A86CB06}.Debug|Any CPU.Build.0 = Debug|Any CPU
		{C1DCFA38-D58A-4A0C-926B-72D32A86CB06}.Release|Any CPU.ActiveCfg = Release|Any CPU
		{C1DCFA38-D58A-4A0C-926B-72D32A86CB06}.Release|Any CPU.Build.0 = Release|Any CPU
		{5D319B68-0D0D-437C-84AB-03D3BB46EA8B}.Debug|Any CPU.ActiveCfg = Debug|Any CPU
		{5D319B68-0D0D-437C-84AB-03D3BB46EA8B}.Debug|Any CPU.Build.0 = Debug|Any CPU
		{5D319B68-0D0D-437C-84AB-03D3BB46EA8B}.Release|Any CPU.ActiveCfg = Release|Any CPU
		{5D319B68-0D0D-437C-84AB-03D3BB46EA8B}.Release|Any CPU.Build.0 = Release|Any CPU
		{C67B1AD2-73C3-4E9D-8F9F-6B99422FF9DD}.Debug|Any CPU.ActiveCfg = Debug|Any CPU
		{C67B1AD2-73C3-4E9D-8F9F-6B99422FF9DD}.Debug|Any CPU.Build.0 = Debug|Any CPU
		{C67B1AD2-73C3-4E9D-8F9F-6B99422FF9DD}.Release|Any CPU.ActiveCfg = Release|Any CPU
		{C67B1AD2-73C3-4E9D-8F9F-6B99422FF9DD}.Release|Any CPU.Build.0 = Release|Any CPU
		{C1961F03-7487-4D7A-BB2A-9A54D8F32AF8}.Debug|Any CPU.ActiveCfg = Debug|Any CPU
		{C1961F03-7487-4D7A-BB2A-9A54D8F32AF8}.Debug|Any CPU.Build.0 = Debug|Any CPU
		{C1961F03-7487-4D7A-BB2A-9A54D8F32AF8}.Release|Any CPU.ActiveCfg = Release|Any CPU
		{C1961F03-7487-4D7A-BB2A-9A54D8F32AF8}.Release|Any CPU.Build.0 = Release|Any CPU
	EndGlobalSection
	GlobalSection(SolutionProperties) = preSolution
		HideSolutionNode = FALSE
	EndGlobalSection
	GlobalSection(NestedProjects) = preSolution
		{C1DCFA38-D58A-4A0C-926B-72D32A86CB06} = {20635D63-C46F-4EEE-B135-582E4466BEDC}
		{5D319B68-0D0D-437C-84AB-03D3BB46EA8B} = {20635D63-C46F-4EEE-B135-582E4466BEDC}
		{C67B1AD2-73C3-4E9D-8F9F-6B99422FF9DD} = {9985FFF1-D9DA-4E18-9373-EC97D50FCCE6}
		{C1961F03-7487-4D7A-BB2A-9A54D8F32AF8} = {051CEBCF-9865-45F0-A12E-A7B83B71C2FE}
	EndGlobalSection
	GlobalSection(ExtensibilityGlobals) = postSolution
		SolutionGuid = {1B49D4FE-9740-4532-B943-49512CDA893A}
	EndGlobalSection
EndGlobal
